
Microsoft Visual Studio Solution File, Format Version 12.00
# Visual Studio 15
VisualStudioVersion = 15.0.28307.1022
MinimumVisualStudioVersion = 10.0.40219.1
Project("{FAE04EC0-301F-11D3-BF4B-00C04F79EFBC}") = "Askme", "QBD\Askme.csproj", "{056ADC8C-B429-4C0A-A201-C4006B34C93F}"
EndProject
Global
	GlobalSection(SolutionConfigurationPlatforms) = preSolution
		Debug|Any CPU = Debug|Any CPU
		Release|Any CPU = Release|Any CPU
	EndGlobalSection
	GlobalSection(ProjectConfigurationPlatforms) = postSolution
		{056ADC8C-B429-4C0A-A201-C4006B34C93F}.Debug|Any CPU.ActiveCfg = Debug|Any CPU
		{056ADC8C-B429-4C0A-A201-C4006B34C93F}.Debug|Any CPU.Build.0 = Debug|Any CPU
		{056ADC8C-B429-4C0A-A201-C4006B34C93F}.Release|Any CPU.ActiveCfg = Release|Any CPU
		{056ADC8C-B429-4C0A-A201-C4006B34C93F}.Release|Any CPU.Build.0 = Release|Any CPU
	EndGlobalSection
	GlobalSection(SolutionProperties) = preSolution
		HideSolutionNode = FALSE
	EndGlobalSection
	GlobalSection(ExtensibilityGlobals) = postSolution
		SolutionGuid = {58D48738-5851-4468-9929-D3438BB3BE35}
	EndGlobalSection
EndGlobal
